
Microsoft Visual Studio Solution File, Format Version 12.00
# Visual Studio Version 16
VisualStudioVersion = 16.0.29201.188
MinimumVisualStudioVersion = 10.0.40219.1
Project("{F184B08F-C81C-45F6-A57F-5ABD9991F28F}") = "Broadway Ticket Group Discount", "Broadway Ticket Group Discount\Broadway Ticket Group Discount.vbproj", "{7BAB02E7-58C1-46D4-9ADC-1A559B392825}"
EndProject
Global
	GlobalSection(SolutionConfigurationPlatforms) = preSolution
		Debug|Any CPU = Debug|Any CPU
		Release|Any CPU = Release|Any CPU
	EndGlobalSection
	GlobalSection(ProjectConfigurationPlatforms) = postSolution
		{7BAB02E7-58C1-46D4-9ADC-1A559B392825}.Debug|Any CPU.ActiveCfg = Debug|Any CPU
		{7BAB02E7-58C1-46D4-9ADC-1A559B392825}.Debug|Any CPU.Build.0 = Debug|Any CPU
		{7BAB02E7-58C1-46D4-9ADC-1A559B392825}.Release|Any CPU.ActiveCfg = Release|Any CPU
		{7BAB02E7-58C1-46D4-9ADC-1A559B392825}.Release|Any CPU.Build.0 = Release|Any CPU
	EndGlobalSection
	GlobalSection(SolutionProperties) = preSolution
		HideSolutionNode = FALSE
	EndGlobalSection
	GlobalSection(ExtensibilityGlobals) = postSolution
		SolutionGuid = {1100A22B-7603-4632-BD9F-F477AF2894A6}
	EndGlobalSection
EndGlobal
